// !$*UTF8*$!
{
	archiveVersion = 1;
	classes = {
	};
	objectVersion = 46;
	objects = {

/* Begin PBXBuildFile section */
		BBAEAAF51CB4DCC700E4BF23 /* BrochureRequestTest.m in Sources */ = {isa = PBXBuildFile; fileRef = BBAEAAF41CB4DCC700E4BF23 /* BrochureRequestTest.m */; };
		BBCF7BA01CB0245A00A1E099 /* main.m in Sources */ = {isa = PBXBuildFile; fileRef = BBCF7B9F1CB0245A00A1E099 /* main.m */; };
		BBCF7BA31CB0245A00A1E099 /* AppDelegate.m in Sources */ = {isa = PBXBuildFile; fileRef = BBCF7BA21CB0245A00A1E099 /* AppDelegate.m */; };
		BBCF7BA91CB0245A00A1E099 /* Main.storyboard in Resources */ = {isa = PBXBuildFile; fileRef = BBCF7BA71CB0245A00A1E099 /* Main.storyboard */; };
		BBCF7BAB1CB0245B00A1E099 /* Assets.xcassets in Resources */ = {isa = PBXBuildFile; fileRef = BBCF7BAA1CB0245B00A1E099 /* Assets.xcassets */; };
		BBCF7BAE1CB0245B00A1E099 /* LaunchScreen.storyboard in Resources */ = {isa = PBXBuildFile; fileRef = BBCF7BAC1CB0245B00A1E099 /* LaunchScreen.storyboard */; };
		BBCF7BB91CB0245B00A1E099 /* BrochuresTests.m in Sources */ = {isa = PBXBuildFile; fileRef = BBCF7BB81CB0245B00A1E099 /* BrochuresTests.m */; };
		BBCF7BC51CB02B6200A1E099 /* BrochuresCollectionViewController.m in Sources */ = {isa = PBXBuildFile; fileRef = BBCF7BC41CB02B6200A1E099 /* BrochuresCollectionViewController.m */; };
		BBCF7BC81CB02C7700A1E099 /* BrochuresNetworkDataManager.m in Sources */ = {isa = PBXBuildFile; fileRef = BBCF7BC71CB02C7700A1E099 /* BrochuresNetworkDataManager.m */; };
		BBCF7BD41CB036E500A1E099 /* Sector.m in Sources */ = {isa = PBXBuildFile; fileRef = BBCF7BD31CB036E500A1E099 /* Sector.m */; };
		BBCF7BD71CB0417B00A1E099 /* Brochure.m in Sources */ = {isa = PBXBuildFile; fileRef = BBCF7BD61CB0417B00A1E099 /* Brochure.m */; };
		BBDB249D1CB1393F0049B592 /* BrochuresCollectionViewCell.m in Sources */ = {isa = PBXBuildFile; fileRef = BBDB249C1CB1393F0049B592 /* BrochuresCollectionViewCell.m */; };
		BBDB24A21CB160750049B592 /* BrochuresHeaderCollectionReusableView.m in Sources */ = {isa = PBXBuildFile; fileRef = BBDB24A11CB160750049B592 /* BrochuresHeaderCollectionReusableView.m */; };
		BBDB24A61CB193680049B592 /* ImageDownloaderService.m in Sources */ = {isa = PBXBuildFile; fileRef = BBDB24A51CB193680049B592 /* ImageDownloaderService.m */; };
/* End PBXBuildFile section */

/* Begin PBXContainerItemProxy section */
		BBCF7BB51CB0245B00A1E099 /* PBXContainerItemProxy */ = {
			isa = PBXContainerItemProxy;
			containerPortal = BBCF7B931CB0245A00A1E099 /* Project object */;
			proxyType = 1;
			remoteGlobalIDString = BBCF7B9A1CB0245A00A1E099;
			remoteInfo = Brochures;
		};
/* End PBXContainerItemProxy section */

/* Begin PBXFileReference section */
		BBAEAAF41CB4DCC700E4BF23 /* BrochureRequestTest.m */ = {isa = PBXFileReference; fileEncoding = 4; lastKnownFileType = sourcecode.c.objc; path = BrochureRequestTest.m; sourceTree = "<group>"; };
		BBCF7B9B1CB0245A00A1E099 /* Brochures.app */ = {isa = PBXFileReference; explicitFileType = wrapper.application; includeInIndex = 0; path = Brochures.app; sourceTree = BUILT_PRODUCTS_DIR; };
		BBCF7B9F1CB0245A00A1E099 /* main.m */ = {isa = PBXFileReference; lastKnownFileType = sourcecode.c.objc; path = main.m; sourceTree = "<group>"; };
		BBCF7BA11CB0245A00A1E099 /* AppDelegate.h */ = {isa = PBXFileReference; lastKnownFileType = sourcecode.c.h; path = AppDelegate.h; sourceTree = "<group>"; };
		BBCF7BA21CB0245A00A1E099 /* AppDelegate.m */ = {isa = PBXFileReference; lastKnownFileType = sourcecode.c.objc; path = AppDelegate.m; sourceTree = "<group>"; };
		BBCF7BA81CB0245A00A1E099 /* Base */ = {isa = PBXFileReference; lastKnownFileType = file.storyboard; name = Base; path = Base.lproj/Main.storyboard; sourceTree = "<group>"; };
		BBCF7BAA1CB0245B00A1E099 /* Assets.xcassets */ = {isa = PBXFileReference; lastKnownFileType = folder.assetcatalog; path = Assets.xcassets; sourceTree = "<group>"; };
		BBCF7BAD1CB0245B00A1E099 /* Base */ = {isa = PBXFileReference; lastKnownFileType = file.storyboard; name = Base; path = Base.lproj/LaunchScreen.storyboard; sourceTree = "<group>"; };
		BBCF7BAF1CB0245B00A1E099 /* Info.plist */ = {isa = PBXFileReference; lastKnownFileType = text.plist.xml; path = Info.plist; sourceTree = "<group>"; };
		BBCF7BB41CB0245B00A1E099 /* BrochuresTests.xctest */ = {isa = PBXFileReference; explicitFileType = wrapper.cfbundle; includeInIndex = 0; path = BrochuresTests.xctest; sourceTree = BUILT_PRODUCTS_DIR; };
		BBCF7BB81CB0245B00A1E099 /* BrochuresTests.m */ = {isa = PBXFileReference; lastKnownFileType = sourcecode.c.objc; path = BrochuresTests.m; sourceTree = "<group>"; };
		BBCF7BBA1CB0245B00A1E099 /* Info.plist */ = {isa = PBXFileReference; lastKnownFileType = text.plist.xml; path = Info.plist; sourceTree = "<group>"; };
		BBCF7BC31CB02B6200A1E099 /* BrochuresCollectionViewController.h */ = {isa = PBXFileReference; fileEncoding = 4; lastKnownFileType = sourcecode.c.h; path = BrochuresCollectionViewController.h; sourceTree = "<group>"; };
		BBCF7BC41CB02B6200A1E099 /* BrochuresCollectionViewController.m */ = {isa = PBXFileReference; fileEncoding = 4; lastKnownFileType = sourcecode.c.objc; path = BrochuresCollectionViewController.m; sourceTree = "<group>"; };
		BBCF7BC61CB02C7700A1E099 /* BrochuresNetworkDataManager.h */ = {isa = PBXFileReference; fileEncoding = 4; lastKnownFileType = sourcecode.c.h; path = BrochuresNetworkDataManager.h; sourceTree = "<group>"; };
		BBCF7BC71CB02C7700A1E099 /* BrochuresNetworkDataManager.m */ = {isa = PBXFileReference; fileEncoding = 4; lastKnownFileType = sourcecode.c.objc; path = BrochuresNetworkDataManager.m; sourceTree = "<group>"; };
		BBCF7BD21CB036E500A1E099 /* Sector.h */ = {isa = PBXFileReference; fileEncoding = 4; lastKnownFileType = sourcecode.c.h; path = Sector.h; sourceTree = "<group>"; };
		BBCF7BD31CB036E500A1E099 /* Sector.m */ = {isa = PBXFileReference; fileEncoding = 4; lastKnownFileType = sourcecode.c.objc; path = Sector.m; sourceTree = "<group>"; };
		BBCF7BD51CB0417B00A1E099 /* Brochure.h */ = {isa = PBXFileReference; fileEncoding = 4; lastKnownFileType = sourcecode.c.h; path = Brochure.h; sourceTree = "<group>"; };
		BBCF7BD61CB0417B00A1E099 /* Brochure.m */ = {isa = PBXFileReference; fileEncoding = 4; lastKnownFileType = sourcecode.c.objc; path = Brochure.m; sourceTree = "<group>"; };
		BBDB249B1CB1393F0049B592 /* BrochuresCollectionViewCell.h */ = {isa = PBXFileReference; fileEncoding = 4; lastKnownFileType = sourcecode.c.h; path = BrochuresCollectionViewCell.h; sourceTree = "<group>"; };
		BBDB249C1CB1393F0049B592 /* BrochuresCollectionViewCell.m */ = {isa = PBXFileReference; fileEncoding = 4; lastKnownFileType = sourcecode.c.objc; path = BrochuresCollectionViewCell.m; sourceTree = "<group>"; };
		BBDB24A01CB160750049B592 /* BrochuresHeaderCollectionReusableView.h */ = {isa = PBXFileReference; fileEncoding = 4; lastKnownFileType = sourcecode.c.h; path = BrochuresHeaderCollectionReusableView.h; sourceTree = "<group>"; };
		BBDB24A11CB160750049B592 /* BrochuresHeaderCollectionReusableView.m */ = {isa = PBXFileReference; fileEncoding = 4; lastKnownFileType = sourcecode.c.objc; path = BrochuresHeaderCollectionReusableView.m; sourceTree = "<group>"; };
		BBDB24A41CB193680049B592 /* ImageDownloaderService.h */ = {isa = PBXFileReference; fileEncoding = 4; lastKnownFileType = sourcecode.c.h; path = ImageDownloaderService.h; sourceTree = "<group>"; };
		BBDB24A51CB193680049B592 /* ImageDownloaderService.m */ = {isa = PBXFileReference; fileEncoding = 4; lastKnownFileType = sourcecode.c.objc; path = ImageDownloaderService.m; sourceTree = "<group>"; };
/* End PBXFileReference section */

/* Begin PBXFrameworksBuildPhase section */
		BBCF7B981CB0245A00A1E099 /* Frameworks */ = {
			isa = PBXFrameworksBuildPhase;
			buildActionMask = 2147483647;
			files = (
			);
			runOnlyForDeploymentPostprocessing = 0;
		};
		BBCF7BB11CB0245B00A1E099 /* Frameworks */ = {
			isa = PBXFrameworksBuildPhase;
			buildActionMask = 2147483647;
			files = (
			);
			runOnlyForDeploymentPostprocessing = 0;
		};
/* End PBXFrameworksBuildPhase section */

/* Begin PBXGroup section */
		BBCF7B921CB0245A00A1E099 = {
			isa = PBXGroup;
			children = (
				BBCF7B9D1CB0245A00A1E099 /* Brochures */,
				BBCF7BB71CB0245B00A1E099 /* BrochuresTests */,
				BBCF7B9C1CB0245A00A1E099 /* Products */,
			);
			sourceTree = "<group>";
		};
		BBCF7B9C1CB0245A00A1E099 /* Products */ = {
			isa = PBXGroup;
			children = (
				BBCF7B9B1CB0245A00A1E099 /* Brochures.app */,
				BBCF7BB41CB0245B00A1E099 /* BrochuresTests.xctest */,
			);
			name = Products;
			sourceTree = "<group>";
		};
		BBCF7B9D1CB0245A00A1E099 /* Brochures */ = {
			isa = PBXGroup;
			children = (
				BBDB249E1CB1395C0049B592 /* Model */,
				BBDB249F1CB1396F0049B592 /* Network Data Service */,
				BBDB24A31CB160840049B592 /* Custom Views */,
				BBCF7BC31CB02B6200A1E099 /* BrochuresCollectionViewController.h */,
				BBCF7BC41CB02B6200A1E099 /* BrochuresCollectionViewController.m */,
				BBCF7BA11CB0245A00A1E099 /* AppDelegate.h */,
				BBCF7BA21CB0245A00A1E099 /* AppDelegate.m */,
				BBCF7BA71CB0245A00A1E099 /* Main.storyboard */,
				BBCF7BAA1CB0245B00A1E099 /* Assets.xcassets */,
				BBCF7BAC1CB0245B00A1E099 /* LaunchScreen.storyboard */,
				BBCF7BAF1CB0245B00A1E099 /* Info.plist */,
				BBCF7B9E1CB0245A00A1E099 /* Supporting Files */,
			);
			path = Brochures;
			sourceTree = "<group>";
		};
		BBCF7B9E1CB0245A00A1E099 /* Supporting Files */ = {
			isa = PBXGroup;
			children = (
				BBCF7B9F1CB0245A00A1E099 /* main.m */,
			);
			name = "Supporting Files";
			sourceTree = "<group>";
		};
		BBCF7BB71CB0245B00A1E099 /* BrochuresTests */ = {
			isa = PBXGroup;
			children = (
				BBCF7BB81CB0245B00A1E099 /* BrochuresTests.m */,
				BBCF7BBA1CB0245B00A1E099 /* Info.plist */,
				BBAEAAF41CB4DCC700E4BF23 /* BrochureRequestTest.m */,
			);
			path = BrochuresTests;
			sourceTree = "<group>";
		};
		BBDB249E1CB1395C0049B592 /* Model */ = {
			isa = PBXGroup;
			children = (
				BBCF7BD51CB0417B00A1E099 /* Brochure.h */,
				BBCF7BD61CB0417B00A1E099 /* Brochure.m */,
				BBCF7BD21CB036E500A1E099 /* Sector.h */,
				BBCF7BD31CB036E500A1E099 /* Sector.m */,
			);
			name = Model;
			sourceTree = "<group>";
		};
		BBDB249F1CB1396F0049B592 /* Network Data Service */ = {
			isa = PBXGroup;
			children = (
				BBCF7BC61CB02C7700A1E099 /* BrochuresNetworkDataManager.h */,
				BBCF7BC71CB02C7700A1E099 /* BrochuresNetworkDataManager.m */,
				BBDB24A41CB193680049B592 /* ImageDownloaderService.h */,
				BBDB24A51CB193680049B592 /* ImageDownloaderService.m */,
			);
			name = "Network Data Service";
			sourceTree = "<group>";
		};
		BBDB24A31CB160840049B592 /* Custom Views */ = {
			isa = PBXGroup;
			children = (
				BBDB249B1CB1393F0049B592 /* BrochuresCollectionViewCell.h */,
				BBDB249C1CB1393F0049B592 /* BrochuresCollectionViewCell.m */,
				BBDB24A01CB160750049B592 /* BrochuresHeaderCollectionReusableView.h */,
				BBDB24A11CB160750049B592 /* BrochuresHeaderCollectionReusableView.m */,
			);
			name = "Custom Views";
			sourceTree = "<group>";
		};
/* End PBXGroup section */

/* Begin PBXNativeTarget section */
		BBCF7B9A1CB0245A00A1E099 /* Brochures */ = {
			isa = PBXNativeTarget;
			buildConfigurationList = BBCF7BBD1CB0245B00A1E099 /* Build configuration list for PBXNativeTarget "Brochures" */;
			buildPhases = (
				BBCF7B971CB0245A00A1E099 /* Sources */,
				BBCF7B981CB0245A00A1E099 /* Frameworks */,
				BBCF7B991CB0245A00A1E099 /* Resources */,
			);
			buildRules = (
			);
			dependencies = (
			);
			name = Brochures;
			productName = Brochures;
			productReference = BBCF7B9B1CB0245A00A1E099 /* Brochures.app */;
			productType = "com.apple.product-type.application";
		};
		BBCF7BB31CB0245B00A1E099 /* BrochuresTests */ = {
			isa = PBXNativeTarget;
			buildConfigurationList = BBCF7BC01CB0245B00A1E099 /* Build configuration list for PBXNativeTarget "BrochuresTests" */;
			buildPhases = (
				BBCF7BB01CB0245B00A1E099 /* Sources */,
				BBCF7BB11CB0245B00A1E099 /* Frameworks */,
				BBCF7BB21CB0245B00A1E099 /* Resources */,
			);
			buildRules = (
			);
			dependencies = (
				BBCF7BB61CB0245B00A1E099 /* PBXTargetDependency */,
			);
			name = BrochuresTests;
			productName = BrochuresTests;
			productReference = BBCF7BB41CB0245B00A1E099 /* BrochuresTests.xctest */;
			productType = "com.apple.product-type.bundle.unit-test";
		};
/* End PBXNativeTarget section */

/* Begin PBXProject section */
		BBCF7B931CB0245A00A1E099 /* Project object */ = {
			isa = PBXProject;
			attributes = {
				LastUpgradeCheck = 0730;
				ORGANIZATIONNAME = "David Lashkhi";
				TargetAttributes = {
					BBCF7B9A1CB0245A00A1E099 = {
						CreatedOnToolsVersion = 7.3;
					};
					BBCF7BB31CB0245B00A1E099 = {
						CreatedOnToolsVersion = 7.3;
						TestTargetID = BBCF7B9A1CB0245A00A1E099;
					};
				};
			};
			buildConfigurationList = BBCF7B961CB0245A00A1E099 /* Build configuration list for PBXProject "Brochures" */;
			compatibilityVersion = "Xcode 3.2";
			developmentRegion = English;
			hasScannedForEncodings = 0;
			knownRegions = (
				en,
				Base,
			);
			mainGroup = BBCF7B921CB0245A00A1E099;
			productRefGroup = BBCF7B9C1CB0245A00A1E099 /* Products */;
			projectDirPath = "";
			projectRoot = "";
			targets = (
				BBCF7B9A1CB0245A00A1E099 /* Brochures */,
				BBCF7BB31CB0245B00A1E099 /* BrochuresTests */,
			);
		};
/* End PBXProject section */

/* Begin PBXResourcesBuildPhase section */
		BBCF7B991CB0245A00A1E099 /* Resources */ = {
			isa = PBXResourcesBuildPhase;
			buildActionMask = 2147483647;
			files = (
				BBCF7BAE1CB0245B00A1E099 /* LaunchScreen.storyboard in Resources */,
				BBCF7BAB1CB0245B00A1E099 /* Assets.xcassets in Resources */,
				BBCF7BA91CB0245A00A1E099 /* Main.storyboard in Resources */,
			);
			runOnlyForDeploymentPostprocessing = 0;
		};
		BBCF7BB21CB0245B00A1E099 /* Resources */ = {
			isa = PBXResourcesBuildPhase;
			buildActionMask = 2147483647;
			files = (
			);
			runOnlyForDeploymentPostprocessing = 0;
		};
/* End PBXResourcesBuildPhase section */

/* Begin PBXSourcesBuildPhase section */
		BBCF7B971CB0245A00A1E099 /* Sources */ = {
			isa = PBXSourcesBuildPhase;
			buildActionMask = 2147483647;
			files = (
				BBDB249D1CB1393F0049B592 /* BrochuresCollectionViewCell.m in Sources */,
				BBCF7BC81CB02C7700A1E099 /* BrochuresNetworkDataManager.m in Sources */,
				BBDB24A21CB160750049B592 /* BrochuresHeaderCollectionReusableView.m in Sources */,
				BBDB24A61CB193680049B592 /* ImageDownloaderService.m in Sources */,
				BBCF7BD71CB0417B00A1E099 /* Brochure.m in Sources */,
				BBCF7BA31CB0245A00A1E099 /* AppDelegate.m in Sources */,
				BBCF7BA01CB0245A00A1E099 /* main.m in Sources */,
				BBCF7BC51CB02B6200A1E099 /* BrochuresCollectionViewController.m in Sources */,
				BBCF7BD41CB036E500A1E099 /* Sector.m in Sources */,
			);
			runOnlyForDeploymentPostprocessing = 0;
		};
		BBCF7BB01CB0245B00A1E099 /* Sources */ = {
			isa = PBXSourcesBuildPhase;
			buildActionMask = 2147483647;
			files = (
				BBCF7BB91CB0245B00A1E099 /* BrochuresTests.m in Sources */,
				BBAEAAF51CB4DCC700E4BF23 /* BrochureRequestTest.m in Sources */,
			);
			runOnlyForDeploymentPostprocessing = 0;
		};
/* End PBXSourcesBuildPhase section */

/* Begin PBXTargetDependency section */
		BBCF7BB61CB0245B00A1E099 /* PBXTargetDependency */ = {
			isa = PBXTargetDependency;
			target = BBCF7B9A1CB0245A00A1E099 /* Brochures */;
			targetProxy = BBCF7BB51CB0245B00A1E099 /* PBXContainerItemProxy */;
		};
/* End PBXTargetDependency section */

/* Begin PBXVariantGroup section */
		BBCF7BA71CB0245A00A1E099 /* Main.storyboard */ = {
			isa = PBXVariantGroup;
			children = (
				BBCF7BA81CB0245A00A1E099 /* Base */,
			);
			name = Main.storyboard;
			sourceTree = "<group>";
		};
		BBCF7BAC1CB0245B00A1E099 /* LaunchScreen.storyboard */ = {
			isa = PBXVariantGroup;
			children = (
				BBCF7BAD1CB0245B00A1E099 /* Base */,
			);
			name = LaunchScreen.storyboard;
			sourceTree = "<group>";
		};
/* End PBXVariantGroup section */

/* Begin XCBuildConfiguration section */
		BBCF7BBB1CB0245B00A1E099 /* Debug */ = {
			isa = XCBuildConfiguration;
			buildSettings = {
				ALWAYS_SEARCH_USER_PATHS = NO;
				CLANG_ANALYZER_NONNULL = YES;
				CLANG_CXX_LANGUAGE_STANDARD = "gnu++0x";
				CLANG_CXX_LIBRARY = "libc++";
				CLANG_ENABLE_MODULES = YES;
				CLANG_ENABLE_OBJC_ARC = YES;
				CLANG_WARN_BOOL_CONVERSION = YES;
				CLANG_WARN_CONSTANT_CONVERSION = YES;
				CLANG_WARN_DIRECT_OBJC_ISA_USAGE = YES_ERROR;
				CLANG_WARN_EMPTY_BODY = YES;
				CLANG_WARN_ENUM_CONVERSION = YES;
				CLANG_WARN_INT_CONVERSION = YES;
				CLANG_WARN_OBJC_ROOT_CLASS = YES_ERROR;
				CLANG_WARN_UNREACHABLE_CODE = YES;
				CLANG_WARN__DUPLICATE_METHOD_MATCH = YES;
				"CODE_SIGN_IDENTITY[sdk=iphoneos*]" = "iPhone Developer";
				COPY_PHASE_STRIP = NO;
				DEBUG_INFORMATION_FORMAT = dwarf;
				ENABLE_STRICT_OBJC_MSGSEND = YES;
				ENABLE_TESTABILITY = YES;
				GCC_C_LANGUAGE_STANDARD = gnu99;
				GCC_DYNAMIC_NO_PIC = NO;
				GCC_NO_COMMON_BLOCKS = YES;
				GCC_OPTIMIZATION_LEVEL = 0;
				GCC_PREPROCESSOR_DEFINITIONS = (
					"DEBUG=1",
					"$(inherited)",
				);
				GCC_WARN_64_TO_32_BIT_CONVERSION = YES;
				GCC_WARN_ABOUT_RETURN_TYPE = YES_ERROR;
				GCC_WARN_UNDECLARED_SELECTOR = YES;
				GCC_WARN_UNINITIALIZED_AUTOS = YES_AGGRESSIVE;
				GCC_WARN_UNUSED_FUNCTION = YES;
				GCC_WARN_UNUSED_VARIABLE = YES;
				IPHONEOS_DEPLOYMENT_TARGET = 9.3;
				MTL_ENABLE_DEBUG_INFO = YES;
				ONLY_ACTIVE_ARCH = YES;
				SDKROOT = iphoneos;
			};
			name = Debug;
		};
		BBCF7BBC1CB0245B00A1E099 /* Release */ = {
			isa = XCBuildConfiguration;
			buildSettings = {
				ALWAYS_SEARCH_USER_PATHS = NO;
				CLANG_ANALYZER_NONNULL = YES;
				CLANG_CXX_LANGUAGE_STANDARD = "gnu++0x";
				CLANG_CXX_LIBRARY = "libc++";
				CLANG_ENABLE_MODULES = YES;
				CLANG_ENABLE_OBJC_ARC = YES;
				CLANG_WARN_BOOL_CONVERSION = YES;
				CLANG_WARN_CONSTANT_CONVERSION = YES;
				CLANG_WARN_DIRECT_OBJC_ISA_USAGE = YES_ERROR;
				CLANG_WARN_EMPTY_BODY = YES;
				CLANG_WARN_ENUM_CONVERSION = YES;
				CLANG_WARN_INT_CONVERSION = YES;
				CLANG_WARN_OBJC_ROOT_CLASS = YES_ERROR;
				CLANG_WARN_UNREACHABLE_CODE = YES;
				CLANG_WARN__DUPLICATE_METHOD_MATCH = YES;
				"CODE_SIGN_IDENTITY[sdk=iphoneos*]" = "iPhone Developer";
				COPY_PHASE_STRIP = NO;
				DEBUG_INFORMATION_FORMAT = "dwarf-with-dsym";
				ENABLE_NS_ASSERTIONS = NO;
				ENABLE_STRICT_OBJC_MSGSEND = YES;
				GCC_C_LANGUAGE_STANDARD = gnu99;
				GCC_NO_COMMON_BLOCKS = YES;
				GCC_WARN_64_TO_32_BIT_CONVERSION = YES;
				GCC_WARN_ABOUT_RETURN_TYPE = YES_ERROR;
				GCC_WARN_UNDECLARED_SELECTOR = YES;
				GCC_WARN_UNINITIALIZED_AUTOS = YES_AGGRESSIVE;
				GCC_WARN_UNUSED_FUNCTION = YES;
				GCC_WARN_UNUSED_VARIABLE = YES;
				IPHONEOS_DEPLOYMENT_TARGET = 9.3;
				MTL_ENABLE_DEBUG_INFO = NO;
				SDKROOT = iphoneos;
				VALIDATE_PRODUCT = YES;
			};
			name = Release;
		};
		BBCF7BBE1CB0245B00A1E099 /* Debug */ = {
			isa = XCBuildConfiguration;
			buildSettings = {
				ASSETCATALOG_COMPILER_APPICON_NAME = AppIcon;
				INFOPLIST_FILE = Brochures/Info.plist;
				LD_RUNPATH_SEARCH_PATHS = "$(inherited) @executable_path/Frameworks";
				PRODUCT_BUNDLE_IDENTIFIER = com.davidlashkhi.Brochures;
				PRODUCT_NAME = "$(TARGET_NAME)";
			};
			name = Debug;
		};
		BBCF7BBF1CB0245B00A1E099 /* Release */ = {
			isa = XCBuildConfiguration;
			buildSettings = {
				ASSETCATALOG_COMPILER_APPICON_NAME = AppIcon;
				INFOPLIST_FILE = Brochures/Info.plist;
				LD_RUNPATH_SEARCH_PATHS = "$(inherited) @executable_path/Frameworks";
				PRODUCT_BUNDLE_IDENTIFIER = com.davidlashkhi.Brochures;
				PRODUCT_NAME = "$(TARGET_NAME)";
			};
			name = Release;
		};
		BBCF7BC11CB0245B00A1E099 /* Debug */ = {
			isa = XCBuildConfiguration;
			buildSettings = {
				BUNDLE_LOADER = "$(TEST_HOST)";
				INFOPLIST_FILE = BrochuresTests/Info.plist;
				LD_RUNPATH_SEARCH_PATHS = "$(inherited) @executable_path/Frameworks @loader_path/Frameworks";
				PRODUCT_BUNDLE_IDENTIFIER = com.davidlashkhi.BrochuresTests;
				PRODUCT_NAME = "$(TARGET_NAME)";
				TEST_HOST = "$(BUILT_PRODUCTS_DIR)/Brochures.app/Brochures";
			};
			name = Debug;
		};
		BBCF7BC21CB0245B00A1E099 /* Release */ = {
			isa = XCBuildConfiguration;
			buildSettings = {
				BUNDLE_LOADER = "$(TEST_HOST)";
				INFOPLIST_FILE = BrochuresTests/Info.plist;
				LD_RUNPATH_SEARCH_PATHS = "$(inherited) @executable_path/Frameworks @loader_path/Frameworks";
				PRODUCT_BUNDLE_IDENTIFIER = com.davidlashkhi.BrochuresTests;
				PRODUCT_NAME = "$(TARGET_NAME)";
				TEST_HOST = "$(BUILT_PRODUCTS_DIR)/Brochures.app/Brochures";
			};
			name = Release;
		};
/* End XCBuildConfiguration section */

/* Begin XCConfigurationList section */
		BBCF7B961CB0245A00A1E099 /* Build configuration list for PBXProject "Brochures" */ = {
			isa = XCConfigurationList;
			buildConfigurations = (
				BBCF7BBB1CB0245B00A1E099 /* Debug */,
				BBCF7BBC1CB0245B00A1E099 /* Release */,
			);
			defaultConfigurationIsVisible = 0;
			defaultConfigurationName = Release;
		};
		BBCF7BBD1CB0245B00A1E099 /* Build configuration list for PBXNativeTarget "Brochures" */ = {
			isa = XCConfigurationList;
			buildConfigurations = (
				BBCF7BBE1CB0245B00A1E099 /* Debug */,
				BBCF7BBF1CB0245B00A1E099 /* Release */,
			);
			defaultConfigurationIsVisible = 0;
			defaultConfigurationName = Release;
		};
		BBCF7BC01CB0245B00A1E099 /* Build configuration list for PBXNativeTarget "BrochuresTests" */ = {
			isa = XCConfigurationList;
			buildConfigurations = (
				BBCF7BC11CB0245B00A1E099 /* Debug */,
				BBCF7BC21CB0245B00A1E099 /* Release */,
			);
			defaultConfigurationIsVisible = 0;
			defaultConfigurationName = Release;
		};
/* End XCConfigurationList section */
	};
	rootObject = BBCF7B931CB0245A00A1E099 /* Project object */;
}
